{
  "requires": true,
  "lockfileVersion": 1,
  "dependencies": {
    "ansi-styles": {
      "version": "2.2.1",
      "resolved": "https://registry.npmjs.org/ansi-styles/-/ansi-styles-2.2.1.tgz",
      "integrity": "sha1-tDLdM1i2NM914eRmQ2gkBTPB3b4="
    },
    "woodenlog": {
      "version": "1.0.1",
      "resolved": "https://registry.npmjs.org/woodenlog/-/woodenlog-1.0.1.tgz",
      "integrity": "sha1-qu+hT7Oc830XYBTcyjdlOAgX9nc=",
      "requires": {
        "ansi-styles": "2.2.1"
      }
    }
  }
}
